github.com/line/line-bot-sdk-go/v7 v7.20.0 h1:thFPRAHggENIY3+Kn1Er1obn5phrjFV1H6K6WNqaXRM=
github.com/line/line-bot-sdk-go/v7 v7.20.0/go.mod h1:idpoxOZgtSd8JyhctMMpwg5LNgRAIL/QIxa5S0DXcMg=
github.com/syumai/workers v0.12.2 h1:H/oGtSiJ3R5BhedK1bUFjEYCfwGesFjfcXvJX+DF7lc=
github.com/syumai/workers v0.12.2/go.mod h1:alXIDhTyeTwSzh0ZgQ3cb9HQPyyYfIejupE4Z3efr14=
